// !$*UTF8*$!
{
	archiveVersion = 1;
	classes = {
	};
	objectVersion = 51;
	objects = {

/* Begin PBXBuildFile section */
		D3E28E54BF3C220FECED7328 /* Pods_CursoIOSAdvanced.framework in Frameworks */ = {isa = PBXBuildFile; fileRef = 135E66AB272608EE33C02EAE /* Pods_CursoIOSAdvanced.framework */; };
		D90BD66B234794F100A1FF35 /* loading.json in Resources */ = {isa = PBXBuildFile; fileRef = D90BD66A234794F100A1FF35 /* loading.json */; };
		D90BD66F2347B69300A1FF35 /* UserDAO.swift in Sources */ = {isa = PBXBuildFile; fileRef = D90BD66E2347B69300A1FF35 /* UserDAO.swift */; };
		D90BD6732347BEFB00A1FF35 /* UsersDTO.swift in Sources */ = {isa = PBXBuildFile; fileRef = D90BD6722347BEFB00A1FF35 /* UsersDTO.swift */; };
		D90BD6752347C0F400A1FF35 /* InfoDTO.swift in Sources */ = {isa = PBXBuildFile; fileRef = D90BD6742347C0F400A1FF35 /* InfoDTO.swift */; };
		D90BD6772347C26A00A1FF35 /* UserDTO.swift in Sources */ = {isa = PBXBuildFile; fileRef = D90BD6762347C26A00A1FF35 /* UserDTO.swift */; };
		D90BD6792347C42100A1FF35 /* UserNameDTO.swift in Sources */ = {isa = PBXBuildFile; fileRef = D90BD6782347C42100A1FF35 /* UserNameDTO.swift */; };
		D90BD67B2347C4FD00A1FF35 /* UserLocationDTO.swift in Sources */ = {isa = PBXBuildFile; fileRef = D90BD67A2347C4FD00A1FF35 /* UserLocationDTO.swift */; };
		D90BD67D2347C5F300A1FF35 /* CoordinatesDTO.swift in Sources */ = {isa = PBXBuildFile; fileRef = D90BD67C2347C5F300A1FF35 /* CoordinatesDTO.swift */; };
		D90BD67F2347C63300A1FF35 /* StreetDTO.swift in Sources */ = {isa = PBXBuildFile; fileRef = D90BD67E2347C63300A1FF35 /* StreetDTO.swift */; };
		D90BD6812347C68B00A1FF35 /* TimezoneDTO.swift in Sources */ = {isa = PBXBuildFile; fileRef = D90BD6802347C68B00A1FF35 /* TimezoneDTO.swift */; };
		D90BD6832347C72200A1FF35 /* UserLoginDTO.swift in Sources */ = {isa = PBXBuildFile; fileRef = D90BD6822347C72200A1FF35 /* UserLoginDTO.swift */; };
		D90BD6852347C7A700A1FF35 /* UserDobDTO.swift in Sources */ = {isa = PBXBuildFile; fileRef = D90BD6842347C7A700A1FF35 /* UserDobDTO.swift */; };
		D90BD6892347C86100A1FF35 /* UserPictureDTO.swift in Sources */ = {isa = PBXBuildFile; fileRef = D90BD6882347C86100A1FF35 /* UserPictureDTO.swift */; };
		D90BD68B2347CC7200A1FF35 /* DataManager.swift in Sources */ = {isa = PBXBuildFile; fileRef = D90BD68A2347CC7200A1FF35 /* DataManager.swift */; };
		D90E02B9234523F000E45C38 /* AppDelegate.swift in Sources */ = {isa = PBXBuildFile; fileRef = D90E02B8234523F000E45C38 /* AppDelegate.swift */; };
		D90E02BB234523F000E45C38 /* SceneDelegate.swift in Sources */ = {isa = PBXBuildFile; fileRef = D90E02BA234523F000E45C38 /* SceneDelegate.swift */; };
		D90E02BD234523F000E45C38 /* SplashViewController.swift in Sources */ = {isa = PBXBuildFile; fileRef = D90E02BC234523F000E45C38 /* SplashViewController.swift */; };
		D90E02C0234523F000E45C38 /* Main.storyboard in Resources */ = {isa = PBXBuildFile; fileRef = D90E02BE234523F000E45C38 /* Main.storyboard */; };
		D90E02C2234523F900E45C38 /* Assets.xcassets in Resources */ = {isa = PBXBuildFile; fileRef = D90E02C1234523F900E45C38 /* Assets.xcassets */; };
		D90E02C5234523F900E45C38 /* LaunchScreen.storyboard in Resources */ = {isa = PBXBuildFile; fileRef = D90E02C3234523F900E45C38 /* LaunchScreen.storyboard */; };
		D92ACD27234662A10022ACE0 /* PersonTableViewCell.swift in Sources */ = {isa = PBXBuildFile; fileRef = D92ACD25234662A10022ACE0 /* PersonTableViewCell.swift */; };
		D92ACD28234662A10022ACE0 /* PersonTableViewCell.xib in Resources */ = {isa = PBXBuildFile; fileRef = D92ACD26234662A10022ACE0 /* PersonTableViewCell.xib */; };
		D92ACD2C234665C70022ACE0 /* UIViews+Utils.swift in Sources */ = {isa = PBXBuildFile; fileRef = D92ACD2B234665C70022ACE0 /* UIViews+Utils.swift */; };
		D97D1B77234B893800E0BE4B /* DataBaseManager.swift in Sources */ = {isa = PBXBuildFile; fileRef = D97D1B76234B893800E0BE4B /* DataBaseManager.swift */; };
		D97D1B79234BAEBE00E0BE4B /* ApiManager.swift in Sources */ = {isa = PBXBuildFile; fileRef = D97D1B78234BAEBE00E0BE4B /* ApiManager.swift */; };
		D9844EA0234667CE009A76E5 /* PersonCollectionViewCell.swift in Sources */ = {isa = PBXBuildFile; fileRef = D9844E9E234667CE009A76E5 /* PersonCollectionViewCell.swift */; };
		D9844EA1234667CE009A76E5 /* PersonCollectionViewCell.xib in Resources */ = {isa = PBXBuildFile; fileRef = D9844E9F234667CE009A76E5 /* PersonCollectionViewCell.xib */; };
		D985E6BD23464B1900C95E38 /* Splash.storyboard in Resources */ = {isa = PBXBuildFile; fileRef = D985E6BC23464B1900C95E38 /* Splash.storyboard */; };
		D985E6BF2346512600C95E38 /* UsersViewController.swift in Sources */ = {isa = PBXBuildFile; fileRef = D985E6BE2346512600C95E38 /* UsersViewController.swift */; };
/* End PBXBuildFile section */

/* Begin PBXFileReference section */
		135E66AB272608EE33C02EAE /* Pods_CursoIOSAdvanced.framework */ = {isa = PBXFileReference; explicitFileType = wrapper.framework; includeInIndex = 0; path = Pods_CursoIOSAdvanced.framework; sourceTree = BUILT_PRODUCTS_DIR; };
		851BE9E5F6858EFAC9D97D68 /* Pods-CursoIOSAdvanced.debug.xcconfig */ = {isa = PBXFileReference; includeInIndex = 1; lastKnownFileType = text.xcconfig; name = "Pods-CursoIOSAdvanced.debug.xcconfig"; path = "Target Support Files/Pods-CursoIOSAdvanced/Pods-CursoIOSAdvanced.debug.xcconfig"; sourceTree = "<group>"; };
		A43F83B8AD08149D3E503624 /* Pods-CursoIOSAdvanced.release.xcconfig */ = {isa = PBXFileReference; includeInIndex = 1; lastKnownFileType = text.xcconfig; name = "Pods-CursoIOSAdvanced.release.xcconfig"; path = "Target Support Files/Pods-CursoIOSAdvanced/Pods-CursoIOSAdvanced.release.xcconfig"; sourceTree = "<group>"; };
		D90BD66A234794F100A1FF35 /* loading.json */ = {isa = PBXFileReference; fileEncoding = 4; lastKnownFileType = text.json; path = loading.json; sourceTree = "<group>"; };
		D90BD66E2347B69300A1FF35 /* UserDAO.swift */ = {isa = PBXFileReference; lastKnownFileType = sourcecode.swift; path = UserDAO.swift; sourceTree = "<group>"; };
		D90BD6722347BEFB00A1FF35 /* UsersDTO.swift */ = {isa = PBXFileReference; lastKnownFileType = sourcecode.swift; path = UsersDTO.swift; sourceTree = "<group>"; };
		D90BD6742347C0F400A1FF35 /* InfoDTO.swift */ = {isa = PBXFileReference; lastKnownFileType = sourcecode.swift; path = InfoDTO.swift; sourceTree = "<group>"; };
		D90BD6762347C26A00A1FF35 /* UserDTO.swift */ = {isa = PBXFileReference; lastKnownFileType = sourcecode.swift; path = UserDTO.swift; sourceTree = "<group>"; };
		D90BD6782347C42100A1FF35 /* UserNameDTO.swift */ = {isa = PBXFileReference; lastKnownFileType = sourcecode.swift; path = UserNameDTO.swift; sourceTree = "<group>"; };
		D90BD67A2347C4FD00A1FF35 /* UserLocationDTO.swift */ = {isa = PBXFileReference; lastKnownFileType = sourcecode.swift; path = UserLocationDTO.swift; sourceTree = "<group>"; };
		D90BD67C2347C5F300A1FF35 /* CoordinatesDTO.swift */ = {isa = PBXFileReference; lastKnownFileType = sourcecode.swift; path = CoordinatesDTO.swift; sourceTree = "<group>"; };
		D90BD67E2347C63300A1FF35 /* StreetDTO.swift */ = {isa = PBXFileReference; lastKnownFileType = sourcecode.swift; path = StreetDTO.swift; sourceTree = "<group>"; };
		D90BD6802347C68B00A1FF35 /* TimezoneDTO.swift */ = {isa = PBXFileReference; lastKnownFileType = sourcecode.swift; path = TimezoneDTO.swift; sourceTree = "<group>"; };
		D90BD6822347C72200A1FF35 /* UserLoginDTO.swift */ = {isa = PBXFileReference; lastKnownFileType = sourcecode.swift; path = UserLoginDTO.swift; sourceTree = "<group>"; };
		D90BD6842347C7A700A1FF35 /* UserDobDTO.swift */ = {isa = PBXFileReference; lastKnownFileType = sourcecode.swift; path = UserDobDTO.swift; sourceTree = "<group>"; };
		D90BD6882347C86100A1FF35 /* UserPictureDTO.swift */ = {isa = PBXFileReference; lastKnownFileType = sourcecode.swift; path = UserPictureDTO.swift; sourceTree = "<group>"; };
		D90BD68A2347CC7200A1FF35 /* DataManager.swift */ = {isa = PBXFileReference; lastKnownFileType = sourcecode.swift; path = DataManager.swift; sourceTree = "<group>"; };
		D90E02B5234523F000E45C38 /* CursoIOSAdvanced.app */ = {isa = PBXFileReference; explicitFileType = wrapper.application; includeInIndex = 0; path = CursoIOSAdvanced.app; sourceTree = BUILT_PRODUCTS_DIR; };
		D90E02B8234523F000E45C38 /* AppDelegate.swift */ = {isa = PBXFileReference; lastKnownFileType = sourcecode.swift; path = AppDelegate.swift; sourceTree = "<group>"; };
		D90E02BA234523F000E45C38 /* SceneDelegate.swift */ = {isa = PBXFileReference; lastKnownFileType = sourcecode.swift; path = SceneDelegate.swift; sourceTree = "<group>"; };
		D90E02BC234523F000E45C38 /* SplashViewController.swift */ = {isa = PBXFileReference; lastKnownFileType = sourcecode.swift; path = SplashViewController.swift; sourceTree = "<group>"; };
		D90E02BF234523F000E45C38 /* Base */ = {isa = PBXFileReference; lastKnownFileType = file.storyboard; name = Base; path = Base.lproj/Main.storyboard; sourceTree = "<group>"; };
		D90E02C1234523F900E45C38 /* Assets.xcassets */ = {isa = PBXFileReference; lastKnownFileType = folder.assetcatalog; path = Assets.xcassets; sourceTree = "<group>"; };
		D90E02C4234523F900E45C38 /* Base */ = {isa = PBXFileReference; lastKnownFileType = file.storyboard; name = Base; path = Base.lproj/LaunchScreen.storyboard; sourceTree = "<group>"; };
		D92ACD25234662A10022ACE0 /* PersonTableViewCell.swift */ = {isa = PBXFileReference; lastKnownFileType = sourcecode.swift; path = PersonTableViewCell.swift; sourceTree = "<group>"; };
		D92ACD26234662A10022ACE0 /* PersonTableViewCell.xib */ = {isa = PBXFileReference; lastKnownFileType = file.xib; path = PersonTableViewCell.xib; sourceTree = "<group>"; };
		D92ACD2B234665C70022ACE0 /* UIViews+Utils.swift */ = {isa = PBXFileReference; lastKnownFileType = sourcecode.swift; path = "UIViews+Utils.swift"; sourceTree = "<group>"; };
		D97D1B76234B893800E0BE4B /* DataBaseManager.swift */ = {isa = PBXFileReference; lastKnownFileType = sourcecode.swift; path = DataBaseManager.swift; sourceTree = "<group>"; };
		D97D1B78234BAEBE00E0BE4B /* ApiManager.swift */ = {isa = PBXFileReference; lastKnownFileType = sourcecode.swift; path = ApiManager.swift; sourceTree = "<group>"; };
		D9844E9E234667CE009A76E5 /* PersonCollectionViewCell.swift */ = {isa = PBXFileReference; lastKnownFileType = sourcecode.swift; path = PersonCollectionViewCell.swift; sourceTree = "<group>"; };
		D9844E9F234667CE009A76E5 /* PersonCollectionViewCell.xib */ = {isa = PBXFileReference; lastKnownFileType = file.xib; path = PersonCollectionViewCell.xib; sourceTree = "<group>"; };
		D985E6BC23464B1900C95E38 /* Splash.storyboard */ = {isa = PBXFileReference; lastKnownFileType = file.storyboard; path = Splash.storyboard; sourceTree = "<group>"; };
		D985E6BE2346512600C95E38 /* UsersViewController.swift */ = {isa = PBXFileReference; lastKnownFileType = sourcecode.swift; path = UsersViewController.swift; sourceTree = "<group>"; };
		D9C22F5423465831009CB68B /* Info.plist */ = {isa = PBXFileReference; fileEncoding = 4; lastKnownFileType = text.plist.xml; path = Info.plist; sourceTree = "<group>"; };
/* End PBXFileReference section */

/* Begin PBXFrameworksBuildPhase section */
		D90E02B2234523F000E45C38 /* Frameworks */ = {
			isa = PBXFrameworksBuildPhase;
			buildActionMask = 2147483647;
			files = (
				D3E28E54BF3C220FECED7328 /* Pods_CursoIOSAdvanced.framework in Frameworks */,
			);
			runOnlyForDeploymentPostprocessing = 0;
		};
/* End PBXFrameworksBuildPhase section */

/* Begin PBXGroup section */
		2CA3E6464BD6EA07E0530B01 /* Frameworks */ = {
			isa = PBXGroup;
			children = (
				135E66AB272608EE33C02EAE /* Pods_CursoIOSAdvanced.framework */,
			);
			name = Frameworks;
			sourceTree = "<group>";
		};
		D90BD66C2347B65A00A1FF35 /* Local */ = {
			isa = PBXGroup;
			children = (
				D90BD66D2347B66500A1FF35 /* Models */,
				D97D1B76234B893800E0BE4B /* DataBaseManager.swift */,
			);
			path = Local;
			sourceTree = "<group>";
		};
		D90BD66D2347B66500A1FF35 /* Models */ = {
			isa = PBXGroup;
			children = (
				D90BD66E2347B69300A1FF35 /* UserDAO.swift */,
			);
			path = Models;
			sourceTree = "<group>";
		};
		D90BD6702347BEDB00A1FF35 /* Remote */ = {
			isa = PBXGroup;
			children = (
				D90BD6712347BEE500A1FF35 /* Models */,
				D97D1B78234BAEBE00E0BE4B /* ApiManager.swift */,
			);
			path = Remote;
			sourceTree = "<group>";
		};
		D90BD6712347BEE500A1FF35 /* Models */ = {
			isa = PBXGroup;
			children = (
				D90BD6722347BEFB00A1FF35 /* UsersDTO.swift */,
				D90BD6742347C0F400A1FF35 /* InfoDTO.swift */,
				D90BD6762347C26A00A1FF35 /* UserDTO.swift */,
				D90BD6782347C42100A1FF35 /* UserNameDTO.swift */,
				D90BD67A2347C4FD00A1FF35 /* UserLocationDTO.swift */,
				D90BD67C2347C5F300A1FF35 /* CoordinatesDTO.swift */,
				D90BD67E2347C63300A1FF35 /* StreetDTO.swift */,
				D90BD6802347C68B00A1FF35 /* TimezoneDTO.swift */,
				D90BD6822347C72200A1FF35 /* UserLoginDTO.swift */,
				D90BD6842347C7A700A1FF35 /* UserDobDTO.swift */,
				D90BD6882347C86100A1FF35 /* UserPictureDTO.swift */,
			);
			path = Models;
			sourceTree = "<group>";
		};
		D90E02AC234523F000E45C38 = {
			isa = PBXGroup;
			children = (
				D90E02B7234523F000E45C38 /* CursoIOSAdvanced */,
				D90E02B6234523F000E45C38 /* Products */,
				E3B182E5ED1471E677AA507F /* Pods */,
				2CA3E6464BD6EA07E0530B01 /* Frameworks */,
			);
			sourceTree = "<group>";
		};
		D90E02B6234523F000E45C38 /* Products */ = {
			isa = PBXGroup;
			children = (
				D90E02B5234523F000E45C38 /* CursoIOSAdvanced.app */,
			);
			name = Products;
			sourceTree = "<group>";
		};
		D90E02B7234523F000E45C38 /* CursoIOSAdvanced */ = {
			isa = PBXGroup;
			children = (
				D9C22F5423465831009CB68B /* Info.plist */,
				D92ACD2A234665A40022ACE0 /* Extension */,
				D985E6B62346445300C95E38 /* App */,
				D985E6B72346446800C95E38 /* Resources */,
				D985E6B82346447700C95E38 /* Data */,
				D985E6B92346448D00C95E38 /* UI */,
			);
			path = CursoIOSAdvanced;
			sourceTree = "<group>";
		};
		D92ACD242346625B0022ACE0 /* Views */ = {
			isa = PBXGroup;
			children = (
				D90E02BE234523F000E45C38 /* Main.storyboard */,
				D90E02C3234523F900E45C38 /* LaunchScreen.storyboard */,
				D985E6BC23464B1900C95E38 /* Splash.storyboard */,
			);
			path = Views;
			sourceTree = "<group>";
		};
		D92ACD29234662DE0022ACE0 /* Cells */ = {
			isa = PBXGroup;
			children = (
				D92ACD25234662A10022ACE0 /* PersonTableViewCell.swift */,
				D9844E9E234667CE009A76E5 /* PersonCollectionViewCell.swift */,
				D9844E9F234667CE009A76E5 /* PersonCollectionViewCell.xib */,
				D92ACD26234662A10022ACE0 /* PersonTableViewCell.xib */,
			);
			path = Cells;
			sourceTree = "<group>";
		};
		D92ACD2A234665A40022ACE0 /* Extension */ = {
			isa = PBXGroup;
			children = (
				D92ACD2B234665C70022ACE0 /* UIViews+Utils.swift */,
			);
			path = Extension;
			sourceTree = "<group>";
		};
		D985E6B62346445300C95E38 /* App */ = {
			isa = PBXGroup;
			children = (
				D90E02B8234523F000E45C38 /* AppDelegate.swift */,
				D90E02BA234523F000E45C38 /* SceneDelegate.swift */,
			);
			path = App;
			sourceTree = "<group>";
		};
		D985E6B72346446800C95E38 /* Resources */ = {
			isa = PBXGroup;
			children = (
				D90BD66A234794F100A1FF35 /* loading.json */,
				D90E02C1234523F900E45C38 /* Assets.xcassets */,
			);
			path = Resources;
			sourceTree = "<group>";
		};
		D985E6B82346447700C95E38 /* Data */ = {
			isa = PBXGroup;
			children = (
				D90BD6702347BEDB00A1FF35 /* Remote */,
				D90BD66C2347B65A00A1FF35 /* Local */,
				D90BD68A2347CC7200A1FF35 /* DataManager.swift */,
			);
			path = Data;
			sourceTree = "<group>";
		};
		D985E6B92346448D00C95E38 /* UI */ = {
			isa = PBXGroup;
			children = (
				D92ACD29234662DE0022ACE0 /* Cells */,
				D92ACD242346625B0022ACE0 /* Views */,
				D985E6BA2346449500C95E38 /* Controllers */,
			);
			path = UI;
			sourceTree = "<group>";
		};
		D985E6BA2346449500C95E38 /* Controllers */ = {
			isa = PBXGroup;
			children = (
				D90E02BC234523F000E45C38 /* SplashViewController.swift */,
				D985E6BE2346512600C95E38 /* UsersViewController.swift */,
			);
			path = Controllers;
			sourceTree = "<group>";
		};
		E3B182E5ED1471E677AA507F /* Pods */ = {
			isa = PBXGroup;
			children = (
				851BE9E5F6858EFAC9D97D68 /* Pods-CursoIOSAdvanced.debug.xcconfig */,
				A43F83B8AD08149D3E503624 /* Pods-CursoIOSAdvanced.release.xcconfig */,
			);
			path = Pods;
			sourceTree = "<group>";
		};
/* End PBXGroup section */

/* Begin PBXNativeTarget section */
		D90E02B4234523F000E45C38 /* CursoIOSAdvanced */ = {
			isa = PBXNativeTarget;
			buildConfigurationList = D90E02C9234523F900E45C38 /* Build configuration list for PBXNativeTarget "CursoIOSAdvanced" */;
			buildPhases = (
				D5F6C96CF51E120B9711BDF3 /* [CP] Check Pods Manifest.lock */,
				D90E02B1234523F000E45C38 /* Sources */,
				D90E02B2234523F000E45C38 /* Frameworks */,
				D90E02B3234523F000E45C38 /* Resources */,
				715FF6E67DC8F7AD3BB1ADBB /* [CP] Embed Pods Frameworks */,
			);
			buildRules = (
			);
			dependencies = (
			);
			name = CursoIOSAdvanced;
			productName = CursoIOSAdvanced;
			productReference = D90E02B5234523F000E45C38 /* CursoIOSAdvanced.app */;
			productType = "com.apple.product-type.application";
		};
/* End PBXNativeTarget section */

/* Begin PBXProject section */
		D90E02AD234523F000E45C38 /* Project object */ = {
			isa = PBXProject;
			attributes = {
				LastSwiftUpdateCheck = 1100;
				LastUpgradeCheck = 1100;
				ORGANIZATIONNAME = Dev2;
				TargetAttributes = {
					D90E02B4234523F000E45C38 = {
						CreatedOnToolsVersion = 11.0;
					};
				};
			};
			buildConfigurationList = D90E02B0234523F000E45C38 /* Build configuration list for PBXProject "CursoIOSAdvanced" */;
			compatibilityVersion = "Xcode 9.3";
			developmentRegion = en;
			hasScannedForEncodings = 0;
			knownRegions = (
				en,
				Base,
			);
			mainGroup = D90E02AC234523F000E45C38;
			productRefGroup = D90E02B6234523F000E45C38 /* Products */;
			projectDirPath = "";
			projectRoot = "";
			targets = (
				D90E02B4234523F000E45C38 /* CursoIOSAdvanced */,
			);
		};
/* End PBXProject section */

/* Begin PBXResourcesBuildPhase section */
		D90E02B3234523F000E45C38 /* Resources */ = {
			isa = PBXResourcesBuildPhase;
			buildActionMask = 2147483647;
			files = (
				D90E02C5234523F900E45C38 /* LaunchScreen.storyboard in Resources */,
				D9844EA1234667CE009A76E5 /* PersonCollectionViewCell.xib in Resources */,
				D92ACD28234662A10022ACE0 /* PersonTableViewCell.xib in Resources */,
				D90E02C2234523F900E45C38 /* Assets.xcassets in Resources */,
				D90BD66B234794F100A1FF35 /* loading.json in Resources */,
				D90E02C0234523F000E45C38 /* Main.storyboard in Resources */,
				D985E6BD23464B1900C95E38 /* Splash.storyboard in Resources */,
			);
			runOnlyForDeploymentPostprocessing = 0;
		};
/* End PBXResourcesBuildPhase section */

/* Begin PBXShellScriptBuildPhase section */
		715FF6E67DC8F7AD3BB1ADBB /* [CP] Embed Pods Frameworks */ = {
			isa = PBXShellScriptBuildPhase;
			buildActionMask = 2147483647;
			files = (
			);
			inputFileListPaths = (
				"${PODS_ROOT}/Target Support Files/Pods-CursoIOSAdvanced/Pods-CursoIOSAdvanced-frameworks-${CONFIGURATION}-input-files.xcfilelist",
			);
			name = "[CP] Embed Pods Frameworks";
			outputFileListPaths = (
				"${PODS_ROOT}/Target Support Files/Pods-CursoIOSAdvanced/Pods-CursoIOSAdvanced-frameworks-${CONFIGURATION}-output-files.xcfilelist",
			);
			runOnlyForDeploymentPostprocessing = 0;
			shellPath = /bin/sh;
			shellScript = "\"${PODS_ROOT}/Target Support Files/Pods-CursoIOSAdvanced/Pods-CursoIOSAdvanced-frameworks.sh\"\n";
			showEnvVarsInLog = 0;
		};
		D5F6C96CF51E120B9711BDF3 /* [CP] Check Pods Manifest.lock */ = {
			isa = PBXShellScriptBuildPhase;
			buildActionMask = 2147483647;
			files = (
			);
			inputFileListPaths = (
			);
			inputPaths = (
				"${PODS_PODFILE_DIR_PATH}/Podfile.lock",
				"${PODS_ROOT}/Manifest.lock",
			);
			name = "[CP] Check Pods Manifest.lock";
			outputFileListPaths = (
			);
			outputPaths = (
				"$(DERIVED_FILE_DIR)/Pods-CursoIOSAdvanced-checkManifestLockResult.txt",
			);
			runOnlyForDeploymentPostprocessing = 0;
			shellPath = /bin/sh;
			shellScript = "diff \"${PODS_PODFILE_DIR_PATH}/Podfile.lock\" \"${PODS_ROOT}/Manifest.lock\" > /dev/null\nif [ $? != 0 ] ; then\n    # print error to STDERR\n    echo \"error: The sandbox is not in sync with the Podfile.lock. Run 'pod install' or update your CocoaPods installation.\" >&2\n    exit 1\nfi\n# This output is used by Xcode 'outputs' to avoid re-running this script phase.\necho \"SUCCESS\" > \"${SCRIPT_OUTPUT_FILE_0}\"\n";
			showEnvVarsInLog = 0;
		};
/* End PBXShellScriptBuildPhase section */

/* Begin PBXSourcesBuildPhase section */
		D90E02B1234523F000E45C38 /* Sources */ = {
			isa = PBXSourcesBuildPhase;
			buildActionMask = 2147483647;
			files = (
				D90E02BD234523F000E45C38 /* SplashViewController.swift in Sources */,
				D90BD68B2347CC7200A1FF35 /* DataManager.swift in Sources */,
				D92ACD27234662A10022ACE0 /* PersonTableViewCell.swift in Sources */,
				D92ACD2C234665C70022ACE0 /* UIViews+Utils.swift in Sources */,
				D97D1B77234B893800E0BE4B /* DataBaseManager.swift in Sources */,
				D90BD6832347C72200A1FF35 /* UserLoginDTO.swift in Sources */,
				D97D1B79234BAEBE00E0BE4B /* ApiManager.swift in Sources */,
				D90BD6792347C42100A1FF35 /* UserNameDTO.swift in Sources */,
				D90BD67F2347C63300A1FF35 /* StreetDTO.swift in Sources */,
				D90BD6852347C7A700A1FF35 /* UserDobDTO.swift in Sources */,
				D90BD6772347C26A00A1FF35 /* UserDTO.swift in Sources */,
				D90BD66F2347B69300A1FF35 /* UserDAO.swift in Sources */,
				D90BD6892347C86100A1FF35 /* UserPictureDTO.swift in Sources */,
				D90BD6732347BEFB00A1FF35 /* UsersDTO.swift in Sources */,
				D985E6BF2346512600C95E38 /* UsersViewController.swift in Sources */,
				D90BD67B2347C4FD00A1FF35 /* UserLocationDTO.swift in Sources */,
				D90BD67D2347C5F300A1FF35 /* CoordinatesDTO.swift in Sources */,
				D90E02B9234523F000E45C38 /* AppDelegate.swift in Sources */,
				D9844EA0234667CE009A76E5 /* PersonCollectionViewCell.swift in Sources */,
				D90E02BB234523F000E45C38 /* SceneDelegate.swift in Sources */,
				D90BD6812347C68B00A1FF35 /* TimezoneDTO.swift in Sources */,
				D90BD6752347C0F400A1FF35 /* InfoDTO.swift in Sources */,
			);
			runOnlyForDeploymentPostprocessing = 0;
		};
/* End PBXSourcesBuildPhase section */

/* Begin PBXVariantGroup section */
		D90E02BE234523F000E45C38 /* Main.storyboard */ = {
			isa = PBXVariantGroup;
			children = (
				D90E02BF234523F000E45C38 /* Base */,
			);
			name = Main.storyboard;
			sourceTree = "<group>";
		};
		D90E02C3234523F900E45C38 /* LaunchScreen.storyboard */ = {
			isa = PBXVariantGroup;
			children = (
				D90E02C4234523F900E45C38 /* Base */,
			);
			name = LaunchScreen.storyboard;
			sourceTree = "<group>";
		};
/* End PBXVariantGroup section */

/* Begin XCBuildConfiguration section */
		D90E02C7234523F900E45C38 /* Debug */ = {
			isa = XCBuildConfiguration;
			buildSettings = {
				ALWAYS_SEARCH_USER_PATHS = NO;
				CLANG_ANALYZER_NONNULL = YES;
				CLANG_ANALYZER_NUMBER_OBJECT_CONVERSION = YES_AGGRESSIVE;
				CLANG_CXX_LANGUAGE_STANDARD = "gnu++14";
				CLANG_CXX_LIBRARY = "libc++";
				CLANG_ENABLE_MODULES = YES;
				CLANG_ENABLE_OBJC_ARC = YES;
				CLANG_ENABLE_OBJC_WEAK = YES;
				CLANG_WARN_BLOCK_CAPTURE_AUTORELEASING = YES;
				CLANG_WARN_BOOL_CONVERSION = YES;
				CLANG_WARN_COMMA = YES;
				CLANG_WARN_CONSTANT_CONVERSION = YES;
				CLANG_WARN_DEPRECATED_OBJC_IMPLEMENTATIONS = YES;
				CLANG_WARN_DIRECT_OBJC_ISA_USAGE = YES_ERROR;
				CLANG_WARN_DOCUMENTATION_COMMENTS = YES;
				CLANG_WARN_EMPTY_BODY = YES;
				CLANG_WARN_ENUM_CONVERSION = YES;
				CLANG_WARN_INFINITE_RECURSION = YES;
				CLANG_WARN_INT_CONVERSION = YES;
				CLANG_WARN_NON_LITERAL_NULL_CONVERSION = YES;
				CLANG_WARN_OBJC_IMPLICIT_RETAIN_SELF = YES;
				CLANG_WARN_OBJC_LITERAL_CONVERSION = YES;
				CLANG_WARN_OBJC_ROOT_CLASS = YES_ERROR;
				CLANG_WARN_RANGE_LOOP_ANALYSIS = YES;
				CLANG_WARN_STRICT_PROTOTYPES = YES;
				CLANG_WARN_SUSPICIOUS_MOVE = YES;
				CLANG_WARN_UNGUARDED_AVAILABILITY = YES_AGGRESSIVE;
				CLANG_WARN_UNREACHABLE_CODE = YES;
				CLANG_WARN__DUPLICATE_METHOD_MATCH = YES;
				COPY_PHASE_STRIP = NO;
				DEBUG_INFORMATION_FORMAT = dwarf;
				ENABLE_STRICT_OBJC_MSGSEND = YES;
				ENABLE_TESTABILITY = YES;
				GCC_C_LANGUAGE_STANDARD = gnu11;
				GCC_DYNAMIC_NO_PIC = NO;
				GCC_NO_COMMON_BLOCKS = YES;
				GCC_OPTIMIZATION_LEVEL = 0;
				GCC_PREPROCESSOR_DEFINITIONS = (
					"DEBUG=1",
					"$(inherited)",
				);
				GCC_WARN_64_TO_32_BIT_CONVERSION = YES;
				GCC_WARN_ABOUT_RETURN_TYPE = YES_ERROR;
				GCC_WARN_UNDECLARED_SELECTOR = YES;
				GCC_WARN_UNINITIALIZED_AUTOS = YES_AGGRESSIVE;
				GCC_WARN_UNUSED_FUNCTION = YES;
				GCC_WARN_UNUSED_VARIABLE = YES;
				IPHONEOS_DEPLOYMENT_TARGET = 13.0;
				MTL_ENABLE_DEBUG_INFO = INCLUDE_SOURCE;
				MTL_FAST_MATH = YES;
				ONLY_ACTIVE_ARCH = YES;
				SDKROOT = iphoneos;
				SWIFT_ACTIVE_COMPILATION_CONDITIONS = DEBUG;
				SWIFT_OPTIMIZATION_LEVEL = "-Onone";
			};
			name = Debug;
		};
		D90E02C8234523F900E45C38 /* Release */ = {
			isa = XCBuildConfiguration;
			buildSettings = {
				ALWAYS_SEARCH_USER_PATHS = NO;
				CLANG_ANALYZER_NONNULL = YES;
				CLANG_ANALYZER_NUMBER_OBJECT_CONVERSION = YES_AGGRESSIVE;
				CLANG_CXX_LANGUAGE_STANDARD = "gnu++14";
				CLANG_CXX_LIBRARY = "libc++";
				CLANG_ENABLE_MODULES = YES;
				CLANG_ENABLE_OBJC_ARC = YES;
				CLANG_ENABLE_OBJC_WEAK = YES;
				CLANG_WARN_BLOCK_CAPTURE_AUTORELEASING = YES;
				CLANG_WARN_BOOL_CONVERSION = YES;
				CLANG_WARN_COMMA = YES;
				CLANG_WARN_CONSTANT_CONVERSION = YES;
				CLANG_WARN_DEPRECATED_OBJC_IMPLEMENTATIONS = YES;
				CLANG_WARN_DIRECT_OBJC_ISA_USAGE = YES_ERROR;
				CLANG_WARN_DOCUMENTATION_COMMENTS = YES;
				CLANG_WARN_EMPTY_BODY = YES;
				CLANG_WARN_ENUM_CONVERSION = YES;
				CLANG_WARN_INFINITE_RECURSION = YES;
				CLANG_WARN_INT_CONVERSION = YES;
				CLANG_WARN_NON_LITERAL_NULL_CONVERSION = YES;
				CLANG_WARN_OBJC_IMPLICIT_RETAIN_SELF = YES;
				CLANG_WARN_OBJC_LITERAL_CONVERSION = YES;
				CLANG_WARN_OBJC_ROOT_CLASS = YES_ERROR;
				CLANG_WARN_RANGE_LOOP_ANALYSIS = YES;
				CLANG_WARN_STRICT_PROTOTYPES = YES;
				CLANG_WARN_SUSPICIOUS_MOVE = YES;
				CLANG_WARN_UNGUARDED_AVAILABILITY = YES_AGGRESSIVE;
				CLANG_WARN_UNREACHABLE_CODE = YES;
				CLANG_WARN__DUPLICATE_METHOD_MATCH = YES;
				COPY_PHASE_STRIP = NO;
				DEBUG_INFORMATION_FORMAT = "dwarf-with-dsym";
				ENABLE_NS_ASSERTIONS = NO;
				ENABLE_STRICT_OBJC_MSGSEND = YES;
				GCC_C_LANGUAGE_STANDARD = gnu11;
				GCC_NO_COMMON_BLOCKS = YES;
				GCC_WARN_64_TO_32_BIT_CONVERSION = YES;
				GCC_WARN_ABOUT_RETURN_TYPE = YES_ERROR;
				GCC_WARN_UNDECLARED_SELECTOR = YES;
				GCC_WARN_UNINITIALIZED_AUTOS = YES_AGGRESSIVE;
				GCC_WARN_UNUSED_FUNCTION = YES;
				GCC_WARN_UNUSED_VARIABLE = YES;
				IPHONEOS_DEPLOYMENT_TARGET = 13.0;
				MTL_ENABLE_DEBUG_INFO = NO;
				MTL_FAST_MATH = YES;
				SDKROOT = iphoneos;
				SWIFT_COMPILATION_MODE = wholemodule;
				SWIFT_OPTIMIZATION_LEVEL = "-O";
				VALIDATE_PRODUCT = YES;
			};
			name = Release;
		};
		D90E02CA234523F900E45C38 /* Debug */ = {
			isa = XCBuildConfiguration;
			baseConfigurationReference = 851BE9E5F6858EFAC9D97D68 /* Pods-CursoIOSAdvanced.debug.xcconfig */;
			buildSettings = {
				ASSETCATALOG_COMPILER_APPICON_NAME = AppIcon;
				CODE_SIGN_STYLE = Automatic;
				INFOPLIST_FILE = CursoIOSAdvanced/Info.plist;
				LD_RUNPATH_SEARCH_PATHS = (
					"$(inherited)",
					"@executable_path/Frameworks",
				);
				PRODUCT_BUNDLE_IDENTIFIER = com.ds.CursoIOSAdvanced;
				PRODUCT_NAME = "$(TARGET_NAME)";
				SWIFT_VERSION = 5.0;
				TARGETED_DEVICE_FAMILY = "1,2";
			};
			name = Debug;
		};
		D90E02CB234523F900E45C38 /* Release */ = {
			isa = XCBuildConfiguration;
			baseConfigurationReference = A43F83B8AD08149D3E503624 /* Pods-CursoIOSAdvanced.release.xcconfig */;
			buildSettings = {
				ASSETCATALOG_COMPILER_APPICON_NAME = AppIcon;
				CODE_SIGN_STYLE = Automatic;
				INFOPLIST_FILE = CursoIOSAdvanced/Info.plist;
				LD_RUNPATH_SEARCH_PATHS = (
					"$(inherited)",
					"@executable_path/Frameworks",
				);
				PRODUCT_BUNDLE_IDENTIFIER = com.ds.CursoIOSAdvanced;
				PRODUCT_NAME = "$(TARGET_NAME)";
				SWIFT_VERSION = 5.0;
				TARGETED_DEVICE_FAMILY = "1,2";
			};
			name = Release;
		};
/* End XCBuildConfiguration section */

/* Begin XCConfigurationList section */
		D90E02B0234523F000E45C38 /* Build configuration list for PBXProject "CursoIOSAdvanced" */ = {
			isa = XCConfigurationList;
			buildConfigurations = (
				D90E02C7234523F900E45C38 /* Debug */,
				D90E02C8234523F900E45C38 /* Release */,
			);
			defaultConfigurationIsVisible = 0;
			defaultConfigurationName = Release;
		};
		D90E02C9234523F900E45C38 /* Build configuration list for PBXNativeTarget "CursoIOSAdvanced" */ = {
			isa = XCConfigurationList;
			buildConfigurations = (
				D90E02CA234523F900E45C38 /* Debug */,
				D90E02CB234523F900E45C38 /* Release */,
			);
			defaultConfigurationIsVisible = 0;
			defaultConfigurationName = Release;
		};
/* End XCConfigurationList section */
	};
	rootObject = D90E02AD234523F000E45C38 /* Project object */;
}
